{
    "_readme": [
        "This file locks the dependencies of your project to a known state",
        "Read more about it at https://getcomposer.org/doc/01-basic-usage.md#composer-lock-the-lock-file",
        "This file is @generated automatically"
    ],
    "content-hash": "f0c784224ea2a417493ad4ae972df1f4",
    "packages": [
        {
            "name": "recombee/php-api-client",
            "version": "v2.1.1",
            "source": {
                "type": "git",
                "url": "https://github.com/recombee/php-api-client.git",
                "reference": "55a9b28fb7e03dc93586e96750581c3016a623fd"
            },
            "dist": {
                "type": "zip",
                "url": "https://api.github.com/repos/recombee/php-api-client/zipball/55a9b28fb7e03dc93586e96750581c3016a623fd",
                "reference": "55a9b28fb7e03dc93586e96750581c3016a623fd",
                "shasum": ""
            },
            "require": {
                "php": ">=5.3.0",
                "rmccue/requests": "^1.7.0"
            },
            "require-dev": {
                "phpdocumentor/phpdocumentor": "2.*",
                "phpunit/phpunit": "^6.1.0"
            },
            "type": "library",
            "autoload": {
                "psr-4": {
                    "Recombee\\": "src/"
                }
            },
            "notification-url": "https://packagist.org/downloads/",
            "license": [
                "MIT"
            ],
            "authors": [
                {
                    "name": "Ondřej Fiedler",
                    "email": "ondrej.fiedler@recombee.com"
                }
            ],
            "description": "PHP client for easy use of the Recombee recommendation API.",
            "homepage": "https://recombee.com",
            "time": "2018-05-15T12:39:58+00:00"
        },
        {
            "name": "rmccue/requests",
            "version": "v1.7.0",
            "source": {
                "type": "git",
                "url": "https://github.com/rmccue/Requests.git",
                "reference": "87932f52ffad70504d93f04f15690cf16a089546"
            },
            "dist": {
                "type": "zip",
                "url": "https://api.github.com/repos/rmccue/Requests/zipball/87932f52ffad70504d93f04f15690cf16a089546",
                "reference": "87932f52ffad70504d93f04f15690cf16a089546",
                "shasum": ""
            },
            "require": {
                "php": ">=5.2"
            },
            "require-dev": {
                "requests/test-server": "dev-master"
            },
            "type": "library",
            "autoload": {
                "psr-0": {
                    "Requests": "library/"
                }
            },
            "notification-url": "https://packagist.org/downloads/",
            "license": [
                "ISC"
            ],
            "authors": [
                {
                    "name": "Ryan McCue",
                    "homepage": "http://ryanmccue.info"
                }
            ],
            "description": "A HTTP library written in PHP, for human beings.",
            "homepage": "http://github.com/rmccue/Requests",
            "keywords": [
                "curl",
                "fsockopen",
                "http",
                "idna",
                "ipv6",
                "iri",
                "sockets"
            ],
            "time": "2016-10-13T00:11:37+00:00"
        }
    ],
    "packages-dev": [],
    "aliases": [],
    "minimum-stability": "stable",
    "stability-flags": [],
    "prefer-stable": false,
    "prefer-lowest": false,
    "platform": [],
    "platform-dev": []
}
